
Microsoft Visual Studio Solution File, Format Version 12.00
# Visual Studio 15
VisualStudioVersion = 15.0.28307.1022
MinimumVisualStudioVersion = 10.0.40219.1
Project("{FAE04EC0-301F-11D3-BF4B-00C04F79EFBC}") = "Euler", "Euler\Euler.csproj", "{ADB70655-EF09-4ECC-ADBD-F0AF4DC99331}"
EndProject
Global
	GlobalSection(SolutionConfigurationPlatforms) = preSolution
		Debug|Any CPU = Debug|Any CPU
		Release|Any CPU = Release|Any CPU
	EndGlobalSection
	GlobalSection(ProjectConfigurationPlatforms) = postSolution
		{ADB70655-EF09-4ECC-ADBD-F0AF4DC99331}.Debug|Any CPU.ActiveCfg = Debug|Any CPU
		{ADB70655-EF09-4ECC-ADBD-F0AF4DC99331}.Debug|Any CPU.Build.0 = Debug|Any CPU
		{ADB70655-EF09-4ECC-ADBD-F0AF4DC99331}.Release|Any CPU.ActiveCfg = Release|Any CPU
		{ADB70655-EF09-4ECC-ADBD-F0AF4DC99331}.Release|Any CPU.Build.0 = Release|Any CPU
	EndGlobalSection
	GlobalSection(SolutionProperties) = preSolution
		HideSolutionNode = FALSE
	EndGlobalSection
	GlobalSection(ExtensibilityGlobals) = postSolution
		SolutionGuid = {4E115791-2F68-4ED2-A92C-5F4FF4E2A096}
	EndGlobalSection
EndGlobal
