
Microsoft Visual Studio Solution File, Format Version 12.00
# Visual Studio Version 16
VisualStudioVersion = 16.0.29806.167
MinimumVisualStudioVersion = 10.0.40219.1
Project("{FAE04EC0-301F-11D3-BF4B-00C04F79EFBC}") = "Euler", "Euler\Euler.csproj", "{632F3214-A556-4494-A305-AA64C20A67D5}"
EndProject
Global
	GlobalSection(SolutionConfigurationPlatforms) = preSolution
		Debug|Any CPU = Debug|Any CPU
		Release|Any CPU = Release|Any CPU
	EndGlobalSection
	GlobalSection(ProjectConfigurationPlatforms) = postSolution
		{632F3214-A556-4494-A305-AA64C20A67D5}.Debug|Any CPU.ActiveCfg = Debug|Any CPU
		{632F3214-A556-4494-A305-AA64C20A67D5}.Debug|Any CPU.Build.0 = Debug|Any CPU
		{632F3214-A556-4494-A305-AA64C20A67D5}.Release|Any CPU.ActiveCfg = Release|Any CPU
		{632F3214-A556-4494-A305-AA64C20A67D5}.Release|Any CPU.Build.0 = Release|Any CPU
	EndGlobalSection
	GlobalSection(SolutionProperties) = preSolution
		HideSolutionNode = FALSE
	EndGlobalSection
	GlobalSection(ExtensibilityGlobals) = postSolution
		SolutionGuid = {4F20EB97-ADEE-4AED-9241-CC16E2655892}
	EndGlobalSection
EndGlobal
